
Microsoft Visual Studio Solution File, Format Version 11.00
# Visual Studio 2010
Project("{FAE04EC0-301F-11D3-BF4B-00C04F79EFBC}") = "PR.Chat.Domain", "PR.Chat.Domain\PR.Chat.Domain.csproj", "{18615872-D14D-450B-9980-7DDF41885C61}"
EndProject
Project("{FAE04EC0-301F-11D3-BF4B-00C04F79EFBC}") = "PR.Chat.Infrastructure", "PR.Chat.Infrastructure\PR.Chat.Infrastructure.csproj", "{3A462A1A-3EB0-425F-AD0E-B5CBDD7B4537}"
EndProject
Project("{2150E333-8FDC-42A3-9474-1A3956D46DE8}") = "Tests", "Tests", "{BBD0A985-F191-4A32-969A-EC033EC17AC7}"
EndProject
Project("{FAE04EC0-301F-11D3-BF4B-00C04F79EFBC}") = "PR.Chat.Domain.Tests", "PR.Chat.Domain.Tests\PR.Chat.Domain.Tests.csproj", "{1E94FA4D-2327-4283-BC86-CE404F0E00E4}"
EndProject
Project("{FAE04EC0-301F-11D3-BF4B-00C04F79EFBC}") = "PR.Chat.Infrastructure.Tests", "PR.Chat.Infrastructure.Tests\PR.Chat.Infrastructure.Tests.csproj", "{A0D5BC96-E823-4FB5-BFE5-DE569787306C}"
EndProject
Project("{FAE04EC0-301F-11D3-BF4B-00C04F79EFBC}") = "PR.Chat.Infrastructure.Data", "PR.Chat.Infrastructure.Data\PR.Chat.Infrastructure.Data.csproj", "{46A17C22-604E-4439-B5B7-A5D95DD8B338}"
EndProject
Project("{FAE04EC0-301F-11D3-BF4B-00C04F79EFBC}") = "PR.Chat.Infrastructure.Castle", "PR.Chat.Infrastructure.Castle\PR.Chat.Infrastructure.Castle.csproj", "{EB6CB1B0-B16E-4045-A30B-A5A8B9F827F6}"
EndProject
Project("{FAE04EC0-301F-11D3-BF4B-00C04F79EFBC}") = "PR.Chat.Infrastructure.Castle.Tests", "PR.Chat.Infrastructure.Castle.Tests\PR.Chat.Infrastructure.Castle.Tests.csproj", "{7D110871-3016-4847-A572-05608C400077}"
EndProject
Project("{FAE04EC0-301F-11D3-BF4B-00C04F79EFBC}") = "PR.Chat.Infrastructure.Data.NH", "PR.Chat.Infrastructure.Data.NH\PR.Chat.Infrastructure.Data.NH.csproj", "{17E72A9F-D04B-4A76-80A6-F73F3C43F773}"
EndProject
Project("{FAE04EC0-301F-11D3-BF4B-00C04F79EFBC}") = "PR.Chat.Infrastructure.Data.Tests", "PR.Chat.Infrastructure.Data.Tests\PR.Chat.Infrastructure.Data.Tests.csproj", "{CDFB9A15-8D12-4F1E-B981-952C569CF724}"
EndProject
Project("{FAE04EC0-301F-11D3-BF4B-00C04F79EFBC}") = "PR.Chat.Infrastructure.Data.NH.Tests", "PR.Chat.Infrastructure.Data.NH.Tests\PR.Chat.Infrastructure.Data.NH.Tests.csproj", "{061A0E22-7062-4AAB-908E-5B87927D14FD}"
EndProject
Project("{FAE04EC0-301F-11D3-BF4B-00C04F79EFBC}") = "PR.Chat.Test.Common", "PR.Chat.Test.Common\PR.Chat.Test.Common.csproj", "{C299E429-A7E1-47F7-B228-CAD42CEB989B}"
EndProject
Project("{FAE04EC0-301F-11D3-BF4B-00C04F79EFBC}") = "PR.Chat.Application", "PR.Chat.Application\PR.Chat.Application.csproj", "{F19C818B-10D8-4203-8516-ACFC8C97DAA2}"
EndProject
Project("{FAE04EC0-301F-11D3-BF4B-00C04F79EFBC}") = "PR.Chat.Presentation.Web.Core", "PR.Chat.Presentation.Web.Core\PR.Chat.Presentation.Web.Core.csproj", "{66E6DE3F-4C50-4978-842C-B5AF1DE7E239}"
EndProject
Project("{FAE04EC0-301F-11D3-BF4B-00C04F79EFBC}") = "PR.Chat.Infrastructure.LinqSpecs", "PR.Chat.Infrastructure.LinqSpecs\PR.Chat.Infrastructure.LinqSpecs.csproj", "{D60875A3-0DE2-409D-86A0-F540224D054C}"
EndProject
Project("{FAE04EC0-301F-11D3-BF4B-00C04F79EFBC}") = "PR.Chat.Application.Tests", "PR.Chat.Application.Tests\PR.Chat.Application.Tests.csproj", "{3006B379-780D-4D36-8C05-B372D1BE7581}"
EndProject
Project("{FAE04EC0-301F-11D3-BF4B-00C04F79EFBC}") = "PR.Chat.Presentation.Services", "PR.Chat.Presentation.Services\PR.Chat.Presentation.Services.csproj", "{7D0D90B5-A69E-4E3C-B839-2E6CC64F53BF}"
EndProject
Project("{FAE04EC0-301F-11D3-BF4B-00C04F79EFBC}") = "PR.Chat.Infrastructure.Data.DbSchemaGenerator", "PR.Chat.Infrastructure.Data.DbSchemaGenerator\PR.Chat.Infrastructure.Data.DbSchemaGenerator.csproj", "{0CFB7114-F5DB-4C89-9CBD-33C455A7FE5C}"
EndProject
Project("{FAE04EC0-301F-11D3-BF4B-00C04F79EFBC}") = "PR.Chat.Presentation.Web", "PR.Chat.Presentation.Web\PR.Chat.Presentation.Web.csproj", "{7BED265A-A688-4918-853D-94C3EDD37354}"
EndProject
Global
	GlobalSection(SolutionConfigurationPlatforms) = preSolution
		Debug|Any CPU = Debug|Any CPU
		Debug|Mixed Platforms = Debug|Mixed Platforms
		Debug|x86 = Debug|x86
		Release|Any CPU = Release|Any CPU
		Release|Mixed Platforms = Release|Mixed Platforms
		Release|x86 = Release|x86
	EndGlobalSection
	GlobalSection(ProjectConfigurationPlatforms) = postSolution
		{18615872-D14D-450B-9980-7DDF41885C61}.Debug|Any CPU.ActiveCfg = Debug|Any CPU
		{18615872-D14D-450B-9980-7DDF41885C61}.Debug|Any CPU.Build.0 = Debug|Any CPU
		{18615872-D14D-450B-9980-7DDF41885C61}.Debug|Mixed Platforms.ActiveCfg = Debug|Any CPU
		{18615872-D14D-450B-9980-7DDF41885C61}.Debug|Mixed Platforms.Build.0 = Debug|Any CPU
		{18615872-D14D-450B-9980-7DDF41885C61}.Debug|x86.ActiveCfg = Debug|Any CPU
		{18615872-D14D-450B-9980-7DDF41885C61}.Release|Any CPU.ActiveCfg = Release|Any CPU
		{18615872-D14D-450B-9980-7DDF41885C61}.Release|Any CPU.Build.0 = Release|Any CPU
		{18615872-D14D-450B-9980-7DDF41885C61}.Release|Mixed Platforms.ActiveCfg = Release|Any CPU
		{18615872-D14D-450B-9980-7DDF41885C61}.Release|Mixed Platforms.Build.0 = Release|Any CPU
		{18615872-D14D-450B-9980-7DDF41885C61}.Release|x86.ActiveCfg = Release|Any CPU
		{3A462A1A-3EB0-425F-AD0E-B5CBDD7B4537}.Debug|Any CPU.ActiveCfg = Debug|Any CPU
		{3A462A1A-3EB0-425F-AD0E-B5CBDD7B4537}.Debug|Any CPU.Build.0 = Debug|Any CPU
		{3A462A1A-3EB0-425F-AD0E-B5CBDD7B4537}.Debug|Mixed Platforms.ActiveCfg = Debug|Any CPU
		{3A462A1A-3EB0-425F-AD0E-B5CBDD7B4537}.Debug|Mixed Platforms.Build.0 = Debug|Any CPU
		{3A462A1A-3EB0-425F-AD0E-B5CBDD7B4537}.Debug|x86.ActiveCfg = Debug|Any CPU
		{3A462A1A-3EB0-425F-AD0E-B5CBDD7B4537}.Release|Any CPU.ActiveCfg = Release|Any CPU
		{3A462A1A-3EB0-425F-AD0E-B5CBDD7B4537}.Release|Any CPU.Build.0 = Release|Any CPU
		{3A462A1A-3EB0-425F-AD0E-B5CBDD7B4537}.Release|Mixed Platforms.ActiveCfg = Release|Any CPU
		{3A462A1A-3EB0-425F-AD0E-B5CBDD7B4537}.Release|Mixed Platforms.Build.0 = Release|Any CPU
		{3A462A1A-3EB0-425F-AD0E-B5CBDD7B4537}.Release|x86.ActiveCfg = Release|Any CPU
		{1E94FA4D-2327-4283-BC86-CE404F0E00E4}.Debug|Any CPU.ActiveCfg = Debug|Any CPU
		{1E94FA4D-2327-4283-BC86-CE404F0E00E4}.Debug|Any CPU.Build.0 = Debug|Any CPU
		{1E94FA4D-2327-4283-BC86-CE404F0E00E4}.Debug|Mixed Platforms.ActiveCfg = Debug|Any CPU
		{1E94FA4D-2327-4283-BC86-CE404F0E00E4}.Debug|Mixed Platforms.Build.0 = Debug|Any CPU
		{1E94FA4D-2327-4283-BC86-CE404F0E00E4}.Debug|x86.ActiveCfg = Debug|Any CPU
		{1E94FA4D-2327-4283-BC86-CE404F0E00E4}.Release|Any CPU.ActiveCfg = Release|Any CPU
		{1E94FA4D-2327-4283-BC86-CE404F0E00E4}.Release|Any CPU.Build.0 = Release|Any CPU
		{1E94FA4D-2327-4283-BC86-CE404F0E00E4}.Release|Mixed Platforms.ActiveCfg = Release|Any CPU
		{1E94FA4D-2327-4283-BC86-CE404F0E00E4}.Release|Mixed Platforms.Build.0 = Release|Any CPU
		{1E94FA4D-2327-4283-BC86-CE404F0E00E4}.Release|x86.ActiveCfg = Release|Any CPU
		{A0D5BC96-E823-4FB5-BFE5-DE569787306C}.Debug|Any CPU.ActiveCfg = Debug|Any CPU
		{A0D5BC96-E823-4FB5-BFE5-DE569787306C}.Debug|Any CPU.Build.0 = Debug|Any CPU
		{A0D5BC96-E823-4FB5-BFE5-DE569787306C}.Debug|Mixed Platforms.ActiveCfg = Debug|Any CPU
		{A0D5BC96-E823-4FB5-BFE5-DE569787306C}.Debug|Mixed Platforms.Build.0 = Debug|Any CPU
		{A0D5BC96-E823-4FB5-BFE5-DE569787306C}.Debug|x86.ActiveCfg = Debug|Any CPU
		{A0D5BC96-E823-4FB5-BFE5-DE569787306C}.Release|Any CPU.ActiveCfg = Release|Any CPU
		{A0D5BC96-E823-4FB5-BFE5-DE569787306C}.Release|Any CPU.Build.0 = Release|Any CPU
		{A0D5BC96-E823-4FB5-BFE5-DE569787306C}.Release|Mixed Platforms.ActiveCfg = Release|Any CPU
		{A0D5BC96-E823-4FB5-BFE5-DE569787306C}.Release|Mixed Platforms.Build.0 = Release|Any CPU
		{A0D5BC96-E823-4FB5-BFE5-DE569787306C}.Release|x86.ActiveCfg = Release|Any CPU
		{46A17C22-604E-4439-B5B7-A5D95DD8B338}.Debug|Any CPU.ActiveCfg = Debug|Any CPU
		{46A17C22-604E-4439-B5B7-A5D95DD8B338}.Debug|Any CPU.Build.0 = Debug|Any CPU
		{46A17C22-604E-4439-B5B7-A5D95DD8B338}.Debug|Mixed Platforms.ActiveCfg = Debug|Any CPU
		{46A17C22-604E-4439-B5B7-A5D95DD8B338}.Debug|Mixed Platforms.Build.0 = Debug|Any CPU
		{46A17C22-604E-4439-B5B7-A5D95DD8B338}.Debug|x86.ActiveCfg = Debug|Any CPU
		{46A17C22-604E-4439-B5B7-A5D95DD8B338}.Release|Any CPU.ActiveCfg = Release|Any CPU
		{46A17C22-604E-4439-B5B7-A5D95DD8B338}.Release|Any CPU.Build.0 = Release|Any CPU
		{46A17C22-604E-4439-B5B7-A5D95DD8B338}.Release|Mixed Platforms.ActiveCfg = Release|Any CPU
		{46A17C22-604E-4439-B5B7-A5D95DD8B338}.Release|Mixed Platforms.Build.0 = Release|Any CPU
		{46A17C22-604E-4439-B5B7-A5D95DD8B338}.Release|x86.ActiveCfg = Release|Any CPU
		{EB6CB1B0-B16E-4045-A30B-A5A8B9F827F6}.Debug|Any CPU.ActiveCfg = Debug|Any CPU
		{EB6CB1B0-B16E-4045-A30B-A5A8B9F827F6}.Debug|Any CPU.Build.0 = Debug|Any CPU
		{EB6CB1B0-B16E-4045-A30B-A5A8B9F827F6}.Debug|Mixed Platforms.ActiveCfg = Debug|Any CPU
		{EB6CB1B0-B16E-4045-A30B-A5A8B9F827F6}.Debug|Mixed Platforms.Build.0 = Debug|Any CPU
		{EB6CB1B0-B16E-4045-A30B-A5A8B9F827F6}.Debug|x86.ActiveCfg = Debug|Any CPU
		{EB6CB1B0-B16E-4045-A30B-A5A8B9F827F6}.Release|Any CPU.ActiveCfg = Release|Any CPU
		{EB6CB1B0-B16E-4045-A30B-A5A8B9F827F6}.Release|Any CPU.Build.0 = Release|Any CPU
		{EB6CB1B0-B16E-4045-A30B-A5A8B9F827F6}.Release|Mixed Platforms.ActiveCfg = Release|Any CPU
		{EB6CB1B0-B16E-4045-A30B-A5A8B9F827F6}.Release|Mixed Platforms.Build.0 = Release|Any CPU
		{EB6CB1B0-B16E-4045-A30B-A5A8B9F827F6}.Release|x86.ActiveCfg = Release|Any CPU
		{7D110871-3016-4847-A572-05608C400077}.Debug|Any CPU.ActiveCfg = Debug|Any CPU
		{7D110871-3016-4847-A572-05608C400077}.Debug|Any CPU.Build.0 = Debug|Any CPU
		{7D110871-3016-4847-A572-05608C400077}.Debug|Mixed Platforms.ActiveCfg = Debug|Any CPU
		{7D110871-3016-4847-A572-05608C400077}.Debug|Mixed Platforms.Build.0 = Debug|Any CPU
		{7D110871-3016-4847-A572-05608C400077}.Debug|x86.ActiveCfg = Debug|Any CPU
		{7D110871-3016-4847-A572-05608C400077}.Release|Any CPU.ActiveCfg = Release|Any CPU
		{7D110871-3016-4847-A572-05608C400077}.Release|Any CPU.Build.0 = Release|Any CPU
		{7D110871-3016-4847-A572-05608C400077}.Release|Mixed Platforms.ActiveCfg = Release|Any CPU
		{7D110871-3016-4847-A572-05608C400077}.Release|Mixed Platforms.Build.0 = Release|Any CPU
		{7D110871-3016-4847-A572-05608C400077}.Release|x86.ActiveCfg = Release|Any CPU
		{17E72A9F-D04B-4A76-80A6-F73F3C43F773}.Debug|Any CPU.ActiveCfg = Debug|Any CPU
		{17E72A9F-D04B-4A76-80A6-F73F3C43F773}.Debug|Any CPU.Build.0 = Debug|Any CPU
		{17E72A9F-D04B-4A76-80A6-F73F3C43F773}.Debug|Mixed Platforms.ActiveCfg = Debug|Any CPU
		{17E72A9F-D04B-4A76-80A6-F73F3C43F773}.Debug|Mixed Platforms.Build.0 = Debug|Any CPU
		{17E72A9F-D04B-4A76-80A6-F73F3C43F773}.Debug|x86.ActiveCfg = Debug|Any CPU
		{17E72A9F-D04B-4A76-80A6-F73F3C43F773}.Release|Any CPU.ActiveCfg = Release|Any CPU
		{17E72A9F-D04B-4A76-80A6-F73F3C43F773}.Release|Any CPU.Build.0 = Release|Any CPU
		{17E72A9F-D04B-4A76-80A6-F73F3C43F773}.Release|Mixed Platforms.ActiveCfg = Release|Any CPU
		{17E72A9F-D04B-4A76-80A6-F73F3C43F773}.Release|Mixed Platforms.Build.0 = Release|Any CPU
		{17E72A9F-D04B-4A76-80A6-F73F3C43F773}.Release|x86.ActiveCfg = Release|Any CPU
		{CDFB9A15-8D12-4F1E-B981-952C569CF724}.Debug|Any CPU.ActiveCfg = Debug|Any CPU
		{CDFB9A15-8D12-4F1E-B981-952C569CF724}.Debug|Any CPU.Build.0 = Debug|Any CPU
		{CDFB9A15-8D12-4F1E-B981-952C569CF724}.Debug|Mixed Platforms.ActiveCfg = Debug|Any CPU
		{CDFB9A15-8D12-4F1E-B981-952C569CF724}.Debug|Mixed Platforms.Build.0 = Debug|Any CPU
		{CDFB9A15-8D12-4F1E-B981-952C569CF724}.Debug|x86.ActiveCfg = Debug|Any CPU
		{CDFB9A15-8D12-4F1E-B981-952C569CF724}.Release|Any CPU.ActiveCfg = Release|Any CPU
		{CDFB9A15-8D12-4F1E-B981-952C569CF724}.Release|Any CPU.Build.0 = Release|Any CPU
		{CDFB9A15-8D12-4F1E-B981-952C569CF724}.Release|Mixed Platforms.ActiveCfg = Release|Any CPU
		{CDFB9A15-8D12-4F1E-B981-952C569CF724}.Release|Mixed Platforms.Build.0 = Release|Any CPU
		{CDFB9A15-8D12-4F1E-B981-952C569CF724}.Release|x86.ActiveCfg = Release|Any CPU
		{061A0E22-7062-4AAB-908E-5B87927D14FD}.Debug|Any CPU.ActiveCfg = Debug|Any CPU
		{061A0E22-7062-4AAB-908E-5B87927D14FD}.Debug|Any CPU.Build.0 = Debug|Any CPU
		{061A0E22-7062-4AAB-908E-5B87927D14FD}.Debug|Mixed Platforms.ActiveCfg = Debug|Any CPU
		{061A0E22-7062-4AAB-908E-5B87927D14FD}.Debug|Mixed Platforms.Build.0 = Debug|Any CPU
		{061A0E22-7062-4AAB-908E-5B87927D14FD}.Debug|x86.ActiveCfg = Debug|Any CPU
		{061A0E22-7062-4AAB-908E-5B87927D14FD}.Release|Any CPU.ActiveCfg = Release|Any CPU
		{061A0E22-7062-4AAB-908E-5B87927D14FD}.Release|Any CPU.Build.0 = Release|Any CPU
		{061A0E22-7062-4AAB-908E-5B87927D14FD}.Release|Mixed Platforms.ActiveCfg = Release|Any CPU
		{061A0E22-7062-4AAB-908E-5B87927D14FD}.Release|Mixed Platforms.Build.0 = Release|Any CPU
		{061A0E22-7062-4AAB-908E-5B87927D14FD}.Release|x86.ActiveCfg = Release|Any CPU
		{C299E429-A7E1-47F7-B228-CAD42CEB989B}.Debug|Any CPU.ActiveCfg = Debug|Any CPU
		{C299E429-A7E1-47F7-B228-CAD42CEB989B}.Debug|Any CPU.Build.0 = Debug|Any CPU
		{C299E429-A7E1-47F7-B228-CAD42CEB989B}.Debug|Mixed Platforms.ActiveCfg = Debug|Any CPU
		{C299E429-A7E1-47F7-B228-CAD42CEB989B}.Debug|Mixed Platforms.Build.0 = Debug|Any CPU
		{C299E429-A7E1-47F7-B228-CAD42CEB989B}.Debug|x86.ActiveCfg = Debug|Any CPU
		{C299E429-A7E1-47F7-B228-CAD42CEB989B}.Release|Any CPU.ActiveCfg = Release|Any CPU
		{C299E429-A7E1-47F7-B228-CAD42CEB989B}.Release|Any CPU.Build.0 = Release|Any CPU
		{C299E429-A7E1-47F7-B228-CAD42CEB989B}.Release|Mixed Platforms.ActiveCfg = Release|Any CPU
		{C299E429-A7E1-47F7-B228-CAD42CEB989B}.Release|Mixed Platforms.Build.0 = Release|Any CPU
		{C299E429-A7E1-47F7-B228-CAD42CEB989B}.Release|x86.ActiveCfg = Release|Any CPU
		{F19C818B-10D8-4203-8516-ACFC8C97DAA2}.Debug|Any CPU.ActiveCfg = Debug|Any CPU
		{F19C818B-10D8-4203-8516-ACFC8C97DAA2}.Debug|Any CPU.Build.0 = Debug|Any CPU
		{F19C818B-10D8-4203-8516-ACFC8C97DAA2}.Debug|Mixed Platforms.ActiveCfg = Debug|Any CPU
		{F19C818B-10D8-4203-8516-ACFC8C97DAA2}.Debug|Mixed Platforms.Build.0 = Debug|Any CPU
		{F19C818B-10D8-4203-8516-ACFC8C97DAA2}.Debug|x86.ActiveCfg = Debug|Any CPU
		{F19C818B-10D8-4203-8516-ACFC8C97DAA2}.Release|Any CPU.ActiveCfg = Release|Any CPU
		{F19C818B-10D8-4203-8516-ACFC8C97DAA2}.Release|Any CPU.Build.0 = Release|Any CPU
		{F19C818B-10D8-4203-8516-ACFC8C97DAA2}.Release|Mixed Platforms.ActiveCfg = Release|Any CPU
		{F19C818B-10D8-4203-8516-ACFC8C97DAA2}.Release|Mixed Platforms.Build.0 = Release|Any CPU
		{F19C818B-10D8-4203-8516-ACFC8C97DAA2}.Release|x86.ActiveCfg = Release|Any CPU
		{66E6DE3F-4C50-4978-842C-B5AF1DE7E239}.Debug|Any CPU.ActiveCfg = Debug|Any CPU
		{66E6DE3F-4C50-4978-842C-B5AF1DE7E239}.Debug|Any CPU.Build.0 = Debug|Any CPU
		{66E6DE3F-4C50-4978-842C-B5AF1DE7E239}.Debug|Mixed Platforms.ActiveCfg = Debug|Any CPU
		{66E6DE3F-4C50-4978-842C-B5AF1DE7E239}.Debug|Mixed Platforms.Build.0 = Debug|Any CPU
		{66E6DE3F-4C50-4978-842C-B5AF1DE7E239}.Debug|x86.ActiveCfg = Debug|Any CPU
		{66E6DE3F-4C50-4978-842C-B5AF1DE7E239}.Release|Any CPU.ActiveCfg = Release|Any CPU
		{66E6DE3F-4C50-4978-842C-B5AF1DE7E239}.Release|Any CPU.Build.0 = Release|Any CPU
		{66E6DE3F-4C50-4978-842C-B5AF1DE7E239}.Release|Mixed Platforms.ActiveCfg = Release|Any CPU
		{66E6DE3F-4C50-4978-842C-B5AF1DE7E239}.Release|Mixed Platforms.Build.0 = Release|Any CPU
		{66E6DE3F-4C50-4978-842C-B5AF1DE7E239}.Release|x86.ActiveCfg = Release|Any CPU
		{D60875A3-0DE2-409D-86A0-F540224D054C}.Debug|Any CPU.ActiveCfg = Debug|Any CPU
		{D60875A3-0DE2-409D-86A0-F540224D054C}.Debug|Any CPU.Build.0 = Debug|Any CPU
		{D60875A3-0DE2-409D-86A0-F540224D054C}.Debug|Mixed Platforms.ActiveCfg = Debug|Any CPU
		{D60875A3-0DE2-409D-86A0-F540224D054C}.Debug|Mixed Platforms.Build.0 = Debug|Any CPU
		{D60875A3-0DE2-409D-86A0-F540224D054C}.Debug|x86.ActiveCfg = Debug|Any CPU
		{D60875A3-0DE2-409D-86A0-F540224D054C}.Release|Any CPU.ActiveCfg = Release|Any CPU
		{D60875A3-0DE2-409D-86A0-F540224D054C}.Release|Any CPU.Build.0 = Release|Any CPU
		{D60875A3-0DE2-409D-86A0-F540224D054C}.Release|Mixed Platforms.ActiveCfg = Release|Any CPU
		{D60875A3-0DE2-409D-86A0-F540224D054C}.Release|Mixed Platforms.Build.0 = Release|Any CPU
		{D60875A3-0DE2-409D-86A0-F540224D054C}.Release|x86.ActiveCfg = Release|Any CPU
		{3006B379-780D-4D36-8C05-B372D1BE7581}.Debug|Any CPU.ActiveCfg = Debug|Any CPU
		{3006B379-780D-4D36-8C05-B372D1BE7581}.Debug|Any CPU.Build.0 = Debug|Any CPU
		{3006B379-780D-4D36-8C05-B372D1BE7581}.Debug|Mixed Platforms.ActiveCfg = Debug|Any CPU
		{3006B379-780D-4D36-8C05-B372D1BE7581}.Debug|Mixed Platforms.Build.0 = Debug|Any CPU
		{3006B379-780D-4D36-8C05-B372D1BE7581}.Debug|x86.ActiveCfg = Debug|Any CPU
		{3006B379-780D-4D36-8C05-B372D1BE7581}.Release|Any CPU.ActiveCfg = Release|Any CPU
		{3006B379-780D-4D36-8C05-B372D1BE7581}.Release|Any CPU.Build.0 = Release|Any CPU
		{3006B379-780D-4D36-8C05-B372D1BE7581}.Release|Mixed Platforms.ActiveCfg = Release|Any CPU
		{3006B379-780D-4D36-8C05-B372D1BE7581}.Release|Mixed Platforms.Build.0 = Release|Any CPU
		{3006B379-780D-4D36-8C05-B372D1BE7581}.Release|x86.ActiveCfg = Release|Any CPU
		{7D0D90B5-A69E-4E3C-B839-2E6CC64F53BF}.Debug|Any CPU.ActiveCfg = Debug|Any CPU
		{7D0D90B5-A69E-4E3C-B839-2E6CC64F53BF}.Debug|Any CPU.Build.0 = Debug|Any CPU
		{7D0D90B5-A69E-4E3C-B839-2E6CC64F53BF}.Debug|Mixed Platforms.ActiveCfg = Debug|Any CPU
		{7D0D90B5-A69E-4E3C-B839-2E6CC64F53BF}.Debug|Mixed Platforms.Build.0 = Debug|Any CPU
		{7D0D90B5-A69E-4E3C-B839-2E6CC64F53BF}.Debug|x86.ActiveCfg = Debug|Any CPU
		{7D0D90B5-A69E-4E3C-B839-2E6CC64F53BF}.Release|Any CPU.ActiveCfg = Release|Any CPU
		{7D0D90B5-A69E-4E3C-B839-2E6CC64F53BF}.Release|Any CPU.Build.0 = Release|Any CPU
		{7D0D90B5-A69E-4E3C-B839-2E6CC64F53BF}.Release|Mixed Platforms.ActiveCfg = Release|Any CPU
		{7D0D90B5-A69E-4E3C-B839-2E6CC64F53BF}.Release|Mixed Platforms.Build.0 = Release|Any CPU
		{7D0D90B5-A69E-4E3C-B839-2E6CC64F53BF}.Release|x86.ActiveCfg = Release|Any CPU
		{0CFB7114-F5DB-4C89-9CBD-33C455A7FE5C}.Debug|Any CPU.ActiveCfg = Debug|x86
		{0CFB7114-F5DB-4C89-9CBD-33C455A7FE5C}.Debug|Mixed Platforms.ActiveCfg = Debug|x86
		{0CFB7114-F5DB-4C89-9CBD-33C455A7FE5C}.Debug|Mixed Platforms.Build.0 = Debug|x86
		{0CFB7114-F5DB-4C89-9CBD-33C455A7FE5C}.Debug|x86.ActiveCfg = Debug|x86
		{0CFB7114-F5DB-4C89-9CBD-33C455A7FE5C}.Debug|x86.Build.0 = Debug|x86
		{0CFB7114-F5DB-4C89-9CBD-33C455A7FE5C}.Release|Any CPU.ActiveCfg = Release|x86
		{0CFB7114-F5DB-4C89-9CBD-33C455A7FE5C}.Release|Mixed Platforms.ActiveCfg = Release|x86
		{0CFB7114-F5DB-4C89-9CBD-33C455A7FE5C}.Release|Mixed Platforms.Build.0 = Release|x86
		{0CFB7114-F5DB-4C89-9CBD-33C455A7FE5C}.Release|x86.ActiveCfg = Release|x86
		{0CFB7114-F5DB-4C89-9CBD-33C455A7FE5C}.Release|x86.Build.0 = Release|x86
		{7BED265A-A688-4918-853D-94C3EDD37354}.Debug|Any CPU.ActiveCfg = Debug|Any CPU
		{7BED265A-A688-4918-853D-94C3EDD37354}.Debug|Any CPU.Build.0 = Debug|Any CPU
		{7BED265A-A688-4918-853D-94C3EDD37354}.Debug|Mixed Platforms.ActiveCfg = Debug|Any CPU
		{7BED265A-A688-4918-853D-94C3EDD37354}.Debug|Mixed Platforms.Build.0 = Debug|Any CPU
		{7BED265A-A688-4918-853D-94C3EDD37354}.Debug|x86.ActiveCfg = Debug|Any CPU
		{7BED265A-A688-4918-853D-94C3EDD37354}.Release|Any CPU.ActiveCfg = Release|Any CPU
		{7BED265A-A688-4918-853D-94C3EDD37354}.Release|Any CPU.Build.0 = Release|Any CPU
		{7BED265A-A688-4918-853D-94C3EDD37354}.Release|Mixed Platforms.ActiveCfg = Release|Any CPU
		{7BED265A-A688-4918-853D-94C3EDD37354}.Release|Mixed Platforms.Build.0 = Release|Any CPU
		{7BED265A-A688-4918-853D-94C3EDD37354}.Release|x86.ActiveCfg = Release|Any CPU
	EndGlobalSection
	GlobalSection(SolutionProperties) = preSolution
		HideSolutionNode = FALSE
	EndGlobalSection
	GlobalSection(NestedProjects) = preSolution
		{1E94FA4D-2327-4283-BC86-CE404F0E00E4} = {BBD0A985-F191-4A32-969A-EC033EC17AC7}
		{A0D5BC96-E823-4FB5-BFE5-DE569787306C} = {BBD0A985-F191-4A32-969A-EC033EC17AC7}
		{7D110871-3016-4847-A572-05608C400077} = {BBD0A985-F191-4A32-969A-EC033EC17AC7}
		{CDFB9A15-8D12-4F1E-B981-952C569CF724} = {BBD0A985-F191-4A32-969A-EC033EC17AC7}
		{061A0E22-7062-4AAB-908E-5B87927D14FD} = {BBD0A985-F191-4A32-969A-EC033EC17AC7}
		{C299E429-A7E1-47F7-B228-CAD42CEB989B} = {BBD0A985-F191-4A32-969A-EC033EC17AC7}
		{3006B379-780D-4D36-8C05-B372D1BE7581} = {BBD0A985-F191-4A32-969A-EC033EC17AC7}
	EndGlobalSection
EndGlobal
